// !$*UTF8*$!
{
	archiveVersion = 1;
	classes = {
	};
	objectVersion = 46;
	objects = {

/* Begin PBXBuildFile section */
		110D6BB71B900C61009B8AFF /* GeoFire.framework in Frameworks */ = {isa = PBXBuildFile; fileRef = 110D6BB61B900C61009B8AFF /* GeoFire.framework */; };
		113D86031B883B1F009A5E94 /* AppDelegate.swift in Sources */ = {isa = PBXBuildFile; fileRef = 113D86021B883B1F009A5E94 /* AppDelegate.swift */; };
		113D86051B883B1F009A5E94 /* MainView.swift in Sources */ = {isa = PBXBuildFile; fileRef = 113D86041B883B1F009A5E94 /* MainView.swift */; };
		113D86081B883B1F009A5E94 /* Main.storyboard in Resources */ = {isa = PBXBuildFile; fileRef = 113D86061B883B1F009A5E94 /* Main.storyboard */; };
		113D860A1B883B1F009A5E94 /* Images.xcassets in Resources */ = {isa = PBXBuildFile; fileRef = 113D86091B883B1F009A5E94 /* Images.xcassets */; };
		113D860D1B883B1F009A5E94 /* LaunchScreen.xib in Resources */ = {isa = PBXBuildFile; fileRef = 113D860B1B883B1F009A5E94 /* LaunchScreen.xib */; };
		113D86191B883B1F009A5E94 /* LocMemoTests.swift in Sources */ = {isa = PBXBuildFile; fileRef = 113D86181B883B1F009A5E94 /* LocMemoTests.swift */; };
		113D86451B886477009A5E94 /* libicucore.dylib in Frameworks */ = {isa = PBXBuildFile; fileRef = 113D86441B886477009A5E94 /* libicucore.dylib */; };
		113D86471B886483009A5E94 /* libc++.dylib in Frameworks */ = {isa = PBXBuildFile; fileRef = 113D86461B886483009A5E94 /* libc++.dylib */; };
		113D86491B88648A009A5E94 /* CFNetwork.framework in Frameworks */ = {isa = PBXBuildFile; fileRef = 113D86481B88648A009A5E94 /* CFNetwork.framework */; };
		113D864B1B886495009A5E94 /* Security.framework in Frameworks */ = {isa = PBXBuildFile; fileRef = 113D864A1B886495009A5E94 /* Security.framework */; };
		113D864D1B88649E009A5E94 /* SystemConfiguration.framework in Frameworks */ = {isa = PBXBuildFile; fileRef = 113D864C1B88649E009A5E94 /* SystemConfiguration.framework */; };
		113D864F1B88651A009A5E94 /* Firebase.framework in Frameworks */ = {isa = PBXBuildFile; fileRef = 113D864E1B88651A009A5E94 /* Firebase.framework */; };
		113D86511B886551009A5E94 /* LoginView.swift in Sources */ = {isa = PBXBuildFile; fileRef = 113D86501B886551009A5E94 /* LoginView.swift */; };
		113D86541B886574009A5E94 /* RegisterView.swift in Sources */ = {isa = PBXBuildFile; fileRef = 113D86531B886574009A5E94 /* RegisterView.swift */; };
		113D86571B886591009A5E94 /* ForgotPassView.swift in Sources */ = {isa = PBXBuildFile; fileRef = 113D86561B886591009A5E94 /* ForgotPassView.swift */; };
		113D865A1B88662B009A5E94 /* DbService.swift in Sources */ = {isa = PBXBuildFile; fileRef = 113D86591B88662B009A5E94 /* DbService.swift */; };
		113D865C1B886636009A5E94 /* LoginService.swift in Sources */ = {isa = PBXBuildFile; fileRef = 113D865B1B886636009A5E94 /* LoginService.swift */; };
		113D865E1B886675009A5E94 /* Constants.swift in Sources */ = {isa = PBXBuildFile; fileRef = 113D865D1B886675009A5E94 /* Constants.swift */; };
		113D86601B886C1D009A5E94 /* StartView.swift in Sources */ = {isa = PBXBuildFile; fileRef = 113D865F1B886C1D009A5E94 /* StartView.swift */; };
		113D86621B887907009A5E94 /* LocationService.swift in Sources */ = {isa = PBXBuildFile; fileRef = 113D86611B887907009A5E94 /* LocationService.swift */; };
		11B54D041B9407D0009C36DE /* MapView.swift in Sources */ = {isa = PBXBuildFile; fileRef = 11B54D031B9407D0009C36DE /* MapView.swift */; };
/* End PBXBuildFile section */

/* Begin PBXContainerItemProxy section */
		113D86131B883B1F009A5E94 /* PBXContainerItemProxy */ = {
			isa = PBXContainerItemProxy;
			containerPortal = 113D85F51B883B1F009A5E94 /* Project object */;
			proxyType = 1;
			remoteGlobalIDString = 113D85FC1B883B1F009A5E94;
			remoteInfo = LocMemo;
		};
/* End PBXContainerItemProxy section */

/* Begin PBXFileReference section */
		110D6BB61B900C61009B8AFF /* GeoFire.framework */ = {isa = PBXFileReference; lastKnownFileType = wrapper.framework; path = GeoFire.framework; sourceTree = "<group>"; };
		110D6BB91B900FEA009B8AFF /* LocMemo-Bridging-Header.h */ = {isa = PBXFileReference; lastKnownFileType = sourcecode.c.h; path = "LocMemo-Bridging-Header.h"; sourceTree = "<group>"; };
		113D85FD1B883B1F009A5E94 /* LocMemo.app */ = {isa = PBXFileReference; explicitFileType = wrapper.application; includeInIndex = 0; path = LocMemo.app; sourceTree = BUILT_PRODUCTS_DIR; };
		113D86011B883B1F009A5E94 /* Info.plist */ = {isa = PBXFileReference; lastKnownFileType = text.plist.xml; path = Info.plist; sourceTree = "<group>"; };
		113D86021B883B1F009A5E94 /* AppDelegate.swift */ = {isa = PBXFileReference; lastKnownFileType = sourcecode.swift; path = AppDelegate.swift; sourceTree = "<group>"; };
		113D86041B883B1F009A5E94 /* MainView.swift */ = {isa = PBXFileReference; lastKnownFileType = sourcecode.swift; path = MainView.swift; sourceTree = "<group>"; };
		113D86071B883B1F009A5E94 /* Base */ = {isa = PBXFileReference; lastKnownFileType = file.storyboard; name = Base; path = Base.lproj/Main.storyboard; sourceTree = "<group>"; };
		113D86091B883B1F009A5E94 /* Images.xcassets */ = {isa = PBXFileReference; lastKnownFileType = folder.assetcatalog; path = Images.xcassets; sourceTree = "<group>"; };
		113D860C1B883B1F009A5E94 /* Base */ = {isa = PBXFileReference; lastKnownFileType = file.xib; name = Base; path = Base.lproj/LaunchScreen.xib; sourceTree = "<group>"; };
		113D86121B883B1F009A5E94 /* LocMemoTests.xctest */ = {isa = PBXFileReference; explicitFileType = wrapper.cfbundle; includeInIndex = 0; path = LocMemoTests.xctest; sourceTree = BUILT_PRODUCTS_DIR; };
		113D86171B883B1F009A5E94 /* Info.plist */ = {isa = PBXFileReference; lastKnownFileType = text.plist.xml; path = Info.plist; sourceTree = "<group>"; };
		113D86181B883B1F009A5E94 /* LocMemoTests.swift */ = {isa = PBXFileReference; lastKnownFileType = sourcecode.swift; path = LocMemoTests.swift; sourceTree = "<group>"; };
		113D86441B886477009A5E94 /* libicucore.dylib */ = {isa = PBXFileReference; lastKnownFileType = "compiled.mach-o.dylib"; name = libicucore.dylib; path = usr/lib/libicucore.dylib; sourceTree = SDKROOT; };
		113D86461B886483009A5E94 /* libc++.dylib */ = {isa = PBXFileReference; lastKnownFileType = "compiled.mach-o.dylib"; name = "libc++.dylib"; path = "usr/lib/libc++.dylib"; sourceTree = SDKROOT; };
		113D86481B88648A009A5E94 /* CFNetwork.framework */ = {isa = PBXFileReference; lastKnownFileType = wrapper.framework; name = CFNetwork.framework; path = System/Library/Frameworks/CFNetwork.framework; sourceTree = SDKROOT; };
		113D864A1B886495009A5E94 /* Security.framework */ = {isa = PBXFileReference; lastKnownFileType = wrapper.framework; name = Security.framework; path = System/Library/Frameworks/Security.framework; sourceTree = SDKROOT; };
		113D864C1B88649E009A5E94 /* SystemConfiguration.framework */ = {isa = PBXFileReference; lastKnownFileType = wrapper.framework; name = SystemConfiguration.framework; path = System/Library/Frameworks/SystemConfiguration.framework; sourceTree = SDKROOT; };
		113D864E1B88651A009A5E94 /* Firebase.framework */ = {isa = PBXFileReference; lastKnownFileType = wrapper.framework; name = Firebase.framework; path = LocMemo/SDKs/Firebase.framework; sourceTree = "<group>"; };
		113D86501B886551009A5E94 /* LoginView.swift */ = {isa = PBXFileReference; fileEncoding = 4; lastKnownFileType = sourcecode.swift; path = LoginView.swift; sourceTree = "<group>"; };
		113D86531B886574009A5E94 /* RegisterView.swift */ = {isa = PBXFileReference; fileEncoding = 4; lastKnownFileType = sourcecode.swift; path = RegisterView.swift; sourceTree = "<group>"; };
		113D86561B886591009A5E94 /* ForgotPassView.swift */ = {isa = PBXFileReference; fileEncoding = 4; lastKnownFileType = sourcecode.swift; path = ForgotPassView.swift; sourceTree = "<group>"; };
		113D86591B88662B009A5E94 /* DbService.swift */ = {isa = PBXFileReference; fileEncoding = 4; lastKnownFileType = sourcecode.swift; path = DbService.swift; sourceTree = "<group>"; };
		113D865B1B886636009A5E94 /* LoginService.swift */ = {isa = PBXFileReference; fileEncoding = 4; lastKnownFileType = sourcecode.swift; path = LoginService.swift; sourceTree = "<group>"; };
		113D865D1B886675009A5E94 /* Constants.swift */ = {isa = PBXFileReference; fileEncoding = 4; lastKnownFileType = sourcecode.swift; path = Constants.swift; sourceTree = "<group>"; };
		113D865F1B886C1D009A5E94 /* StartView.swift */ = {isa = PBXFileReference; fileEncoding = 4; lastKnownFileType = sourcecode.swift; path = StartView.swift; sourceTree = "<group>"; };
		113D86611B887907009A5E94 /* LocationService.swift */ = {isa = PBXFileReference; fileEncoding = 4; lastKnownFileType = sourcecode.swift; path = LocationService.swift; sourceTree = "<group>"; };
		11B54D031B9407D0009C36DE /* MapView.swift */ = {isa = PBXFileReference; fileEncoding = 4; lastKnownFileType = sourcecode.swift; path = MapView.swift; sourceTree = "<group>"; };
/* End PBXFileReference section */

/* Begin PBXFrameworksBuildPhase section */
		113D85FA1B883B1F009A5E94 /* Frameworks */ = {
			isa = PBXFrameworksBuildPhase;
			buildActionMask = 2147483647;
			files = (
				113D864D1B88649E009A5E94 /* SystemConfiguration.framework in Frameworks */,
				113D864F1B88651A009A5E94 /* Firebase.framework in Frameworks */,
				110D6BB71B900C61009B8AFF /* GeoFire.framework in Frameworks */,
				113D864B1B886495009A5E94 /* Security.framework in Frameworks */,
				113D86491B88648A009A5E94 /* CFNetwork.framework in Frameworks */,
				113D86471B886483009A5E94 /* libc++.dylib in Frameworks */,
				113D86451B886477009A5E94 /* libicucore.dylib in Frameworks */,
			);
			runOnlyForDeploymentPostprocessing = 0;
		};
		113D860F1B883B1F009A5E94 /* Frameworks */ = {
			isa = PBXFrameworksBuildPhase;
			buildActionMask = 2147483647;
			files = (
			);
			runOnlyForDeploymentPostprocessing = 0;
		};
/* End PBXFrameworksBuildPhase section */

/* Begin PBXGroup section */
		113D85F41B883B1F009A5E94 = {
			isa = PBXGroup;
			children = (
				110D6BB91B900FEA009B8AFF /* LocMemo-Bridging-Header.h */,
				113D86411B88641A009A5E94 /* SDKs */,
				113D85FF1B883B1F009A5E94 /* LocMemo */,
				113D86151B883B1F009A5E94 /* LocMemoTests */,
				113D85FE1B883B1F009A5E94 /* Products */,
			);
			sourceTree = "<group>";
		};
		113D85FE1B883B1F009A5E94 /* Products */ = {
			isa = PBXGroup;
			children = (
				113D85FD1B883B1F009A5E94 /* LocMemo.app */,
				113D86121B883B1F009A5E94 /* LocMemoTests.xctest */,
			);
			name = Products;
			sourceTree = "<group>";
		};
		113D85FF1B883B1F009A5E94 /* LocMemo */ = {
			isa = PBXGroup;
			children = (
				113D86581B886601009A5E94 /* Services */,
				113D86521B886558009A5E94 /* Views */,
				113D86021B883B1F009A5E94 /* AppDelegate.swift */,
				113D86061B883B1F009A5E94 /* Main.storyboard */,
				113D86091B883B1F009A5E94 /* Images.xcassets */,
				113D860B1B883B1F009A5E94 /* LaunchScreen.xib */,
				113D86001B883B1F009A5E94 /* Supporting Files */,
			);
			path = LocMemo;
			sourceTree = "<group>";
		};
		113D86001B883B1F009A5E94 /* Supporting Files */ = {
			isa = PBXGroup;
			children = (
				113D86011B883B1F009A5E94 /* Info.plist */,
			);
			name = "Supporting Files";
			sourceTree = "<group>";
		};
		113D86151B883B1F009A5E94 /* LocMemoTests */ = {
			isa = PBXGroup;
			children = (
				113D86181B883B1F009A5E94 /* LocMemoTests.swift */,
				113D86161B883B1F009A5E94 /* Supporting Files */,
			);
			path = LocMemoTests;
			sourceTree = "<group>";
		};
		113D86161B883B1F009A5E94 /* Supporting Files */ = {
			isa = PBXGroup;
			children = (
				113D86171B883B1F009A5E94 /* Info.plist */,
			);
			name = "Supporting Files";
			sourceTree = "<group>";
		};
		113D86411B88641A009A5E94 /* SDKs */ = {
			isa = PBXGroup;
			children = (
				110D6BB61B900C61009B8AFF /* GeoFire.framework */,
				113D864C1B88649E009A5E94 /* SystemConfiguration.framework */,
				113D864A1B886495009A5E94 /* Security.framework */,
				113D86481B88648A009A5E94 /* CFNetwork.framework */,
				113D86461B886483009A5E94 /* libc++.dylib */,
				113D86441B886477009A5E94 /* libicucore.dylib */,
				113D864E1B88651A009A5E94 /* Firebase.framework */,
			);
			name = SDKs;
			sourceTree = "<group>";
		};
		113D86521B886558009A5E94 /* Views */ = {
			isa = PBXGroup;
			children = (
				113D86551B88657B009A5E94 /* Login */,
				113D86041B883B1F009A5E94 /* MainView.swift */,
				113D865F1B886C1D009A5E94 /* StartView.swift */,
				11B54D031B9407D0009C36DE /* MapView.swift */,
			);
			name = Views;
			sourceTree = "<group>";
		};
		113D86551B88657B009A5E94 /* Login */ = {
			isa = PBXGroup;
			children = (
				113D86501B886551009A5E94 /* LoginView.swift */,
				113D86531B886574009A5E94 /* RegisterView.swift */,
				113D86561B886591009A5E94 /* ForgotPassView.swift */,
			);
			name = Login;
			sourceTree = "<group>";
		};
		113D86581B886601009A5E94 /* Services */ = {
			isa = PBXGroup;
			children = (
				113D86591B88662B009A5E94 /* DbService.swift */,
				113D865B1B886636009A5E94 /* LoginService.swift */,
				113D865D1B886675009A5E94 /* Constants.swift */,
				113D86611B887907009A5E94 /* LocationService.swift */,
			);
			name = Services;
			sourceTree = "<group>";
		};
/* End PBXGroup section */

/* Begin PBXNativeTarget section */
		113D85FC1B883B1F009A5E94 /* LocMemo */ = {
			isa = PBXNativeTarget;
			buildConfigurationList = 113D861C1B883B1F009A5E94 /* Build configuration list for PBXNativeTarget "LocMemo" */;
			buildPhases = (
				113D85F91B883B1F009A5E94 /* Sources */,
				113D85FA1B883B1F009A5E94 /* Frameworks */,
				113D85FB1B883B1F009A5E94 /* Resources */,
			);
			buildRules = (
			);
			dependencies = (
			);
			name = LocMemo;
			productName = LocMemo;
			productReference = 113D85FD1B883B1F009A5E94 /* LocMemo.app */;
			productType = "com.apple.product-type.application";
		};
		113D86111B883B1F009A5E94 /* LocMemoTests */ = {
			isa = PBXNativeTarget;
			buildConfigurationList = 113D861F1B883B1F009A5E94 /* Build configuration list for PBXNativeTarget "LocMemoTests" */;
			buildPhases = (
				113D860E1B883B1F009A5E94 /* Sources */,
				113D860F1B883B1F009A5E94 /* Frameworks */,
				113D86101B883B1F009A5E94 /* Resources */,
			);
			buildRules = (
			);
			dependencies = (
				113D86141B883B1F009A5E94 /* PBXTargetDependency */,
			);
			name = LocMemoTests;
			productName = LocMemoTests;
			productReference = 113D86121B883B1F009A5E94 /* LocMemoTests.xctest */;
			productType = "com.apple.product-type.bundle.unit-test";
		};
/* End PBXNativeTarget section */

/* Begin PBXProject section */
		113D85F51B883B1F009A5E94 /* Project object */ = {
			isa = PBXProject;
			attributes = {
				LastUpgradeCheck = 0640;
				ORGANIZATIONNAME = "Enkhjargal Gansukh";
				TargetAttributes = {
					113D85FC1B883B1F009A5E94 = {
						CreatedOnToolsVersion = 6.4;
					};
					113D86111B883B1F009A5E94 = {
						CreatedOnToolsVersion = 6.4;
						TestTargetID = 113D85FC1B883B1F009A5E94;
					};
				};
			};
			buildConfigurationList = 113D85F81B883B1F009A5E94 /* Build configuration list for PBXProject "LocMemo" */;
			compatibilityVersion = "Xcode 3.2";
			developmentRegion = English;
			hasScannedForEncodings = 0;
			knownRegions = (
				en,
				Base,
			);
			mainGroup = 113D85F41B883B1F009A5E94;
			productRefGroup = 113D85FE1B883B1F009A5E94 /* Products */;
			projectDirPath = "";
			projectRoot = "";
			targets = (
				113D85FC1B883B1F009A5E94 /* LocMemo */,
				113D86111B883B1F009A5E94 /* LocMemoTests */,
			);
		};
/* End PBXProject section */

/* Begin PBXResourcesBuildPhase section */
		113D85FB1B883B1F009A5E94 /* Resources */ = {
			isa = PBXResourcesBuildPhase;
			buildActionMask = 2147483647;
			files = (
				113D86081B883B1F009A5E94 /* Main.storyboard in Resources */,
				113D860D1B883B1F009A5E94 /* LaunchScreen.xib in Resources */,
				113D860A1B883B1F009A5E94 /* Images.xcassets in Resources */,
			);
			runOnlyForDeploymentPostprocessing = 0;
		};
		113D86101B883B1F009A5E94 /* Resources */ = {
			isa = PBXResourcesBuildPhase;
			buildActionMask = 2147483647;
			files = (
			);
			runOnlyForDeploymentPostprocessing = 0;
		};
/* End PBXResourcesBuildPhase section */

/* Begin PBXSourcesBuildPhase section */
		113D85F91B883B1F009A5E94 /* Sources */ = {
			isa = PBXSourcesBuildPhase;
			buildActionMask = 2147483647;
			files = (
				113D86601B886C1D009A5E94 /* StartView.swift in Sources */,
				113D86511B886551009A5E94 /* LoginView.swift in Sources */,
				113D86621B887907009A5E94 /* LocationService.swift in Sources */,
				11B54D041B9407D0009C36DE /* MapView.swift in Sources */,
				113D865E1B886675009A5E94 /* Constants.swift in Sources */,
				113D865A1B88662B009A5E94 /* DbService.swift in Sources */,
				113D86541B886574009A5E94 /* RegisterView.swift in Sources */,
				113D86571B886591009A5E94 /* ForgotPassView.swift in Sources */,
				113D86051B883B1F009A5E94 /* MainView.swift in Sources */,
				113D86031B883B1F009A5E94 /* AppDelegate.swift in Sources */,
				113D865C1B886636009A5E94 /* LoginService.swift in Sources */,
			);
			runOnlyForDeploymentPostprocessing = 0;
		};
		113D860E1B883B1F009A5E94 /* Sources */ = {
			isa = PBXSourcesBuildPhase;
			buildActionMask = 2147483647;
			files = (
				113D86191B883B1F009A5E94 /* LocMemoTests.swift in Sources */,
			);
			runOnlyForDeploymentPostprocessing = 0;
		};
/* End PBXSourcesBuildPhase section */

/* Begin PBXTargetDependency section */
		113D86141B883B1F009A5E94 /* PBXTargetDependency */ = {
			isa = PBXTargetDependency;
			target = 113D85FC1B883B1F009A5E94 /* LocMemo */;
			targetProxy = 113D86131B883B1F009A5E94 /* PBXContainerItemProxy */;
		};
/* End PBXTargetDependency section */

/* Begin PBXVariantGroup section */
		113D86061B883B1F009A5E94 /* Main.storyboard */ = {
			isa = PBXVariantGroup;
			children = (
				113D86071B883B1F009A5E94 /* Base */,
			);
			name = Main.storyboard;
			sourceTree = "<group>";
		};
		113D860B1B883B1F009A5E94 /* LaunchScreen.xib */ = {
			isa = PBXVariantGroup;
			children = (
				113D860C1B883B1F009A5E94 /* Base */,
			);
			name = LaunchScreen.xib;
			sourceTree = "<group>";
		};
/* End PBXVariantGroup section */

/* Begin XCBuildConfiguration section */
		113D861A1B883B1F009A5E94 /* Debug */ = {
			isa = XCBuildConfiguration;
			buildSettings = {
				ALWAYS_SEARCH_USER_PATHS = NO;
				CLANG_CXX_LANGUAGE_STANDARD = "gnu++0x";
				CLANG_CXX_LIBRARY = "libc++";
				CLANG_ENABLE_MODULES = YES;
				CLANG_ENABLE_OBJC_ARC = YES;
				CLANG_WARN_BOOL_CONVERSION = YES;
				CLANG_WARN_CONSTANT_CONVERSION = YES;
				CLANG_WARN_DIRECT_OBJC_ISA_USAGE = YES_ERROR;
				CLANG_WARN_EMPTY_BODY = YES;
				CLANG_WARN_ENUM_CONVERSION = YES;
				CLANG_WARN_INT_CONVERSION = YES;
				CLANG_WARN_OBJC_ROOT_CLASS = YES_ERROR;
				CLANG_WARN_UNREACHABLE_CODE = YES;
				CLANG_WARN__DUPLICATE_METHOD_MATCH = YES;
				"CODE_SIGN_IDENTITY[sdk=iphoneos*]" = "iPhone Developer";
				COPY_PHASE_STRIP = NO;
				DEBUG_INFORMATION_FORMAT = "dwarf-with-dsym";
				ENABLE_STRICT_OBJC_MSGSEND = YES;
				GCC_C_LANGUAGE_STANDARD = gnu99;
				GCC_DYNAMIC_NO_PIC = NO;
				GCC_NO_COMMON_BLOCKS = YES;
				GCC_OPTIMIZATION_LEVEL = 0;
				GCC_PREPROCESSOR_DEFINITIONS = (
					"DEBUG=1",
					"$(inherited)",
				);
				GCC_SYMBOLS_PRIVATE_EXTERN = NO;
				GCC_WARN_64_TO_32_BIT_CONVERSION = YES;
				GCC_WARN_ABOUT_RETURN_TYPE = YES_ERROR;
				GCC_WARN_UNDECLARED_SELECTOR = YES;
				GCC_WARN_UNINITIALIZED_AUTOS = YES_AGGRESSIVE;
				GCC_WARN_UNUSED_FUNCTION = YES;
				GCC_WARN_UNUSED_VARIABLE = YES;
				IPHONEOS_DEPLOYMENT_TARGET = 8.4;
				MTL_ENABLE_DEBUG_INFO = YES;
				ONLY_ACTIVE_ARCH = YES;
				SDKROOT = iphoneos;
				SWIFT_OPTIMIZATION_LEVEL = "-Onone";
			};
			name = Debug;
		};
		113D861B1B883B1F009A5E94 /* Release */ = {
			isa = XCBuildConfiguration;
			buildSettings = {
				ALWAYS_SEARCH_USER_PATHS = NO;
				CLANG_CXX_LANGUAGE_STANDARD = "gnu++0x";
				CLANG_CXX_LIBRARY = "libc++";
				CLANG_ENABLE_MODULES = YES;
				CLANG_ENABLE_OBJC_ARC = YES;
				CLANG_WARN_BOOL_CONVERSION = YES;
				CLANG_WARN_CONSTANT_CONVERSION = YES;
				CLANG_WARN_DIRECT_OBJC_ISA_USAGE = YES_ERROR;
				CLANG_WARN_EMPTY_BODY = YES;
				CLANG_WARN_ENUM_CONVERSION = YES;
				CLANG_WARN_INT_CONVERSION = YES;
				CLANG_WARN_OBJC_ROOT_CLASS = YES_ERROR;
				CLANG_WARN_UNREACHABLE_CODE = YES;
				CLANG_WARN__DUPLICATE_METHOD_MATCH = YES;
				"CODE_SIGN_IDENTITY[sdk=iphoneos*]" = "iPhone Developer";
				COPY_PHASE_STRIP = NO;
				DEBUG_INFORMATION_FORMAT = "dwarf-with-dsym";
				ENABLE_NS_ASSERTIONS = NO;
				ENABLE_STRICT_OBJC_MSGSEND = YES;
				GCC_C_LANGUAGE_STANDARD = gnu99;
				GCC_NO_COMMON_BLOCKS = YES;
				GCC_WARN_64_TO_32_BIT_CONVERSION = YES;
				GCC_WARN_ABOUT_RETURN_TYPE = YES_ERROR;
				GCC_WARN_UNDECLARED_SELECTOR = YES;
				GCC_WARN_UNINITIALIZED_AUTOS = YES_AGGRESSIVE;
				GCC_WARN_UNUSED_FUNCTION = YES;
				GCC_WARN_UNUSED_VARIABLE = YES;
				IPHONEOS_DEPLOYMENT_TARGET = 8.4;
				MTL_ENABLE_DEBUG_INFO = NO;
				SDKROOT = iphoneos;
				VALIDATE_PRODUCT = YES;
			};
			name = Release;
		};
		113D861D1B883B1F009A5E94 /* Debug */ = {
			isa = XCBuildConfiguration;
			buildSettings = {
				ASSETCATALOG_COMPILER_APPICON_NAME = AppIcon;
				FRAMEWORK_SEARCH_PATHS = (
					"$(inherited)",
					"$(PROJECT_DIR)",
					"$(PROJECT_DIR)/LocMemo/SDKs",
				);
				INFOPLIST_FILE = LocMemo/Info.plist;
				IPHONEOS_DEPLOYMENT_TARGET = 8.0;
				LD_RUNPATH_SEARCH_PATHS = "$(inherited) @executable_path/Frameworks";
				PRODUCT_NAME = "$(TARGET_NAME)";
				SWIFT_OBJC_BRIDGING_HEADER = "LocMemo-Bridging-Header.h";
			};
			name = Debug;
		};
		113D861E1B883B1F009A5E94 /* Release */ = {
			isa = XCBuildConfiguration;
			buildSettings = {
				ASSETCATALOG_COMPILER_APPICON_NAME = AppIcon;
				FRAMEWORK_SEARCH_PATHS = (
					"$(inherited)",
					"$(PROJECT_DIR)",
					"$(PROJECT_DIR)/LocMemo/SDKs",
				);
				INFOPLIST_FILE = LocMemo/Info.plist;
				IPHONEOS_DEPLOYMENT_TARGET = 8.0;
				LD_RUNPATH_SEARCH_PATHS = "$(inherited) @executable_path/Frameworks";
				PRODUCT_NAME = "$(TARGET_NAME)";
				SWIFT_OBJC_BRIDGING_HEADER = "LocMemo-Bridging-Header.h";
			};
			name = Release;
		};
		113D86201B883B1F009A5E94 /* Debug */ = {
			isa = XCBuildConfiguration;
			buildSettings = {
				BUNDLE_LOADER = "$(TEST_HOST)";
				FRAMEWORK_SEARCH_PATHS = (
					"$(SDKROOT)/Developer/Library/Frameworks",
					"$(inherited)",
				);
				GCC_PREPROCESSOR_DEFINITIONS = (
					"DEBUG=1",
					"$(inherited)",
				);
				INFOPLIST_FILE = LocMemoTests/Info.plist;
				LD_RUNPATH_SEARCH_PATHS = "$(inherited) @executable_path/Frameworks @loader_path/Frameworks";
				PRODUCT_NAME = "$(TARGET_NAME)";
				TEST_HOST = "$(BUILT_PRODUCTS_DIR)/LocMemo.app/LocMemo";
			};
			name = Debug;
		};
		113D86211B883B1F009A5E94 /* Release */ = {
			isa = XCBuildConfiguration;
			buildSettings = {
				BUNDLE_LOADER = "$(TEST_HOST)";
				FRAMEWORK_SEARCH_PATHS = (
					"$(SDKROOT)/Developer/Library/Frameworks",
					"$(inherited)",
				);
				INFOPLIST_FILE = LocMemoTests/Info.plist;
				LD_RUNPATH_SEARCH_PATHS = "$(inherited) @executable_path/Frameworks @loader_path/Frameworks";
				PRODUCT_NAME = "$(TARGET_NAME)";
				TEST_HOST = "$(BUILT_PRODUCTS_DIR)/LocMemo.app/LocMemo";
			};
			name = Release;
		};
/* End XCBuildConfiguration section */

/* Begin XCConfigurationList section */
		113D85F81B883B1F009A5E94 /* Build configuration list for PBXProject "LocMemo" */ = {
			isa = XCConfigurationList;
			buildConfigurations = (
				113D861A1B883B1F009A5E94 /* Debug */,
				113D861B1B883B1F009A5E94 /* Release */,
			);
			defaultConfigurationIsVisible = 0;
			defaultConfigurationName = Release;
		};
		113D861C1B883B1F009A5E94 /* Build configuration list for PBXNativeTarget "LocMemo" */ = {
			isa = XCConfigurationList;
			buildConfigurations = (
				113D861D1B883B1F009A5E94 /* Debug */,
				113D861E1B883B1F009A5E94 /* Release */,
			);
			defaultConfigurationIsVisible = 0;
			defaultConfigurationName = Release;
		};
		113D861F1B883B1F009A5E94 /* Build configuration list for PBXNativeTarget "LocMemoTests" */ = {
			isa = XCConfigurationList;
			buildConfigurations = (
				113D86201B883B1F009A5E94 /* Debug */,
				113D86211B883B1F009A5E94 /* Release */,
			);
			defaultConfigurationIsVisible = 0;
			defaultConfigurationName = Release;
		};
/* End XCConfigurationList section */
	};
	rootObject = 113D85F51B883B1F009A5E94 /* Project object */;
}
